
Microsoft Visual Studio Solution File, Format Version 12.00
# Visual Studio Version 16
VisualStudioVersion = 16.0.30503.244
MinimumVisualStudioVersion = 10.0.40219.1
Project("{9A19103F-16F7-4668-BE54-9A1E7A4F7556}") = "Server", "Server\Server.csproj", "{BA4F1EDC-0E05-44E0-8E32-E1F47B036719}"
EndProject
Project("{9A19103F-16F7-4668-BE54-9A1E7A4F7556}") = "Client", "Client\Client.csproj", "{16897EFA-C584-47BC-8A63-FAE8C9C9F026}"
EndProject
Project("{9A19103F-16F7-4668-BE54-9A1E7A4F7556}") = "NetworkCommunication", "NetworkCommunication\NetworkCommunication.csproj", "{77888CB2-68E5-4632-8392-CBE5FDF1010E}"
EndProject
Project("{9A19103F-16F7-4668-BE54-9A1E7A4F7556}") = "Domain", "Domain\Domain.csproj", "{47243210-08FE-4231-A52B-2CE592C567D1}"
EndProject
Project("{9A19103F-16F7-4668-BE54-9A1E7A4F7556}") = "Services", "Services\Services.csproj", "{4C7D36B7-CC74-4D18-A44C-B9ADF3E15AFF}"
EndProject
Project("{9A19103F-16F7-4668-BE54-9A1E7A4F7556}") = "Repository", "Repository\Repository.csproj", "{B18C1352-A3D2-4EEE-8FD3-D0189B673B6C}"
EndProject
Global
	GlobalSection(SolutionConfigurationPlatforms) = preSolution
		Debug|Any CPU = Debug|Any CPU
		Release|Any CPU = Release|Any CPU
	EndGlobalSection
	GlobalSection(ProjectConfigurationPlatforms) = postSolution
		{BA4F1EDC-0E05-44E0-8E32-E1F47B036719}.Debug|Any CPU.ActiveCfg = Debug|Any CPU
		{BA4F1EDC-0E05-44E0-8E32-E1F47B036719}.Debug|Any CPU.Build.0 = Debug|Any CPU
		{BA4F1EDC-0E05-44E0-8E32-E1F47B036719}.Release|Any CPU.ActiveCfg = Release|Any CPU
		{BA4F1EDC-0E05-44E0-8E32-E1F47B036719}.Release|Any CPU.Build.0 = Release|Any CPU
		{16897EFA-C584-47BC-8A63-FAE8C9C9F026}.Debug|Any CPU.ActiveCfg = Debug|Any CPU
		{16897EFA-C584-47BC-8A63-FAE8C9C9F026}.Debug|Any CPU.Build.0 = Debug|Any CPU
		{16897EFA-C584-47BC-8A63-FAE8C9C9F026}.Release|Any CPU.ActiveCfg = Release|Any CPU
		{16897EFA-C584-47BC-8A63-FAE8C9C9F026}.Release|Any CPU.Build.0 = Release|Any CPU
		{77888CB2-68E5-4632-8392-CBE5FDF1010E}.Debug|Any CPU.ActiveCfg = Debug|Any CPU
		{77888CB2-68E5-4632-8392-CBE5FDF1010E}.Debug|Any CPU.Build.0 = Debug|Any CPU
		{77888CB2-68E5-4632-8392-CBE5FDF1010E}.Release|Any CPU.ActiveCfg = Release|Any CPU
		{77888CB2-68E5-4632-8392-CBE5FDF1010E}.Release|Any CPU.Build.0 = Release|Any CPU
		{47243210-08FE-4231-A52B-2CE592C567D1}.Debug|Any CPU.ActiveCfg = Debug|Any CPU
		{47243210-08FE-4231-A52B-2CE592C567D1}.Debug|Any CPU.Build.0 = Debug|Any CPU
		{47243210-08FE-4231-A52B-2CE592C567D1}.Release|Any CPU.ActiveCfg = Release|Any CPU
		{47243210-08FE-4231-A52B-2CE592C567D1}.Release|Any CPU.Build.0 = Release|Any CPU
		{4C7D36B7-CC74-4D18-A44C-B9ADF3E15AFF}.Debug|Any CPU.ActiveCfg = Debug|Any CPU
		{4C7D36B7-CC74-4D18-A44C-B9ADF3E15AFF}.Debug|Any CPU.Build.0 = Debug|Any CPU
		{4C7D36B7-CC74-4D18-A44C-B9ADF3E15AFF}.Release|Any CPU.ActiveCfg = Release|Any CPU
		{4C7D36B7-CC74-4D18-A44C-B9ADF3E15AFF}.Release|Any CPU.Build.0 = Release|Any CPU
		{B18C1352-A3D2-4EEE-8FD3-D0189B673B6C}.Debug|Any CPU.ActiveCfg = Debug|Any CPU
		{B18C1352-A3D2-4EEE-8FD3-D0189B673B6C}.Debug|Any CPU.Build.0 = Debug|Any CPU
		{B18C1352-A3D2-4EEE-8FD3-D0189B673B6C}.Release|Any CPU.ActiveCfg = Release|Any CPU
		{B18C1352-A3D2-4EEE-8FD3-D0189B673B6C}.Release|Any CPU.Build.0 = Release|Any CPU
	EndGlobalSection
	GlobalSection(SolutionProperties) = preSolution
		HideSolutionNode = FALSE
	EndGlobalSection
	GlobalSection(ExtensibilityGlobals) = postSolution
		SolutionGuid = {62FFEE42-6E76-4E5A-98F6-49DD4213D7B4}
	EndGlobalSection
EndGlobal
